// !$*UTF8*$!
{
	archiveVersion = 1;
	classes = {
	};
	objectVersion = 46;
	objects = {

/* Begin PBXBuildFile section */
		4B581DB128C8FABDAE8D4334 /* Pods_flicks.framework in Frameworks */ = {isa = PBXBuildFile; fileRef = F4551AB9929FAD9C3AAB1718 /* Pods_flicks.framework */; };
		93A296A71C73F1B100F7ABA2 /* AppDelegate.swift in Sources */ = {isa = PBXBuildFile; fileRef = 93A296A61C73F1B100F7ABA2 /* AppDelegate.swift */; };
		93A296AC1C73F1B100F7ABA2 /* Main.storyboard in Resources */ = {isa = PBXBuildFile; fileRef = 93A296AA1C73F1B100F7ABA2 /* Main.storyboard */; };
		93A296AE1C73F1B100F7ABA2 /* Assets.xcassets in Resources */ = {isa = PBXBuildFile; fileRef = 93A296AD1C73F1B100F7ABA2 /* Assets.xcassets */; };
		93A296B11C73F1B100F7ABA2 /* LaunchScreen.storyboard in Resources */ = {isa = PBXBuildFile; fileRef = 93A296AF1C73F1B100F7ABA2 /* LaunchScreen.storyboard */; };
		93A296BB1C73F4BB00F7ABA2 /* MoviesViewController.swift in Sources */ = {isa = PBXBuildFile; fileRef = 93A296BA1C73F4BB00F7ABA2 /* MoviesViewController.swift */; };
		93A296BD1C73FC6E00F7ABA2 /* Movie.swift in Sources */ = {isa = PBXBuildFile; fileRef = 93A296BC1C73FC6E00F7ABA2 /* Movie.swift */; };
		93A296C01C74187900F7ABA2 /* MovieCell.swift in Sources */ = {isa = PBXBuildFile; fileRef = 93A296BF1C74187900F7ABA2 /* MovieCell.swift */; };
		93A296C41C742A8400F7ABA2 /* MovieDetailViewController.swift in Sources */ = {isa = PBXBuildFile; fileRef = 93A296C31C742A8400F7ABA2 /* MovieDetailViewController.swift */; };
		93A296C61C7548A500F7ABA2 /* MovieCollectionViewCell.swift in Sources */ = {isa = PBXBuildFile; fileRef = 93A296C51C7548A500F7ABA2 /* MovieCollectionViewCell.swift */; };
/* End PBXBuildFile section */

/* Begin PBXFileReference section */
		7774CF4E8EDA621CB060F68D /* Pods-flicks.release.xcconfig */ = {isa = PBXFileReference; includeInIndex = 1; lastKnownFileType = text.xcconfig; name = "Pods-flicks.release.xcconfig"; path = "Pods/Target Support Files/Pods-flicks/Pods-flicks.release.xcconfig"; sourceTree = "<group>"; };
		93A296A31C73F1B100F7ABA2 /* flicks.app */ = {isa = PBXFileReference; explicitFileType = wrapper.application; includeInIndex = 0; path = flicks.app; sourceTree = BUILT_PRODUCTS_DIR; };
		93A296A61C73F1B100F7ABA2 /* AppDelegate.swift */ = {isa = PBXFileReference; lastKnownFileType = sourcecode.swift; path = AppDelegate.swift; sourceTree = "<group>"; };
		93A296AB1C73F1B100F7ABA2 /* Base */ = {isa = PBXFileReference; lastKnownFileType = file.storyboard; name = Base; path = Base.lproj/Main.storyboard; sourceTree = "<group>"; };
		93A296AD1C73F1B100F7ABA2 /* Assets.xcassets */ = {isa = PBXFileReference; lastKnownFileType = folder.assetcatalog; path = Assets.xcassets; sourceTree = "<group>"; };
		93A296B01C73F1B100F7ABA2 /* Base */ = {isa = PBXFileReference; lastKnownFileType = file.storyboard; name = Base; path = Base.lproj/LaunchScreen.storyboard; sourceTree = "<group>"; };
		93A296B21C73F1B100F7ABA2 /* Info.plist */ = {isa = PBXFileReference; lastKnownFileType = text.plist.xml; path = Info.plist; sourceTree = "<group>"; };
		93A296BA1C73F4BB00F7ABA2 /* MoviesViewController.swift */ = {isa = PBXFileReference; fileEncoding = 4; lastKnownFileType = sourcecode.swift; path = MoviesViewController.swift; sourceTree = "<group>"; };
		93A296BC1C73FC6E00F7ABA2 /* Movie.swift */ = {isa = PBXFileReference; fileEncoding = 4; lastKnownFileType = sourcecode.swift; path = Movie.swift; sourceTree = "<group>"; };
		93A296BF1C74187900F7ABA2 /* MovieCell.swift */ = {isa = PBXFileReference; fileEncoding = 4; lastKnownFileType = sourcecode.swift; path = MovieCell.swift; sourceTree = "<group>"; };
		93A296C31C742A8400F7ABA2 /* MovieDetailViewController.swift */ = {isa = PBXFileReference; fileEncoding = 4; lastKnownFileType = sourcecode.swift; path = MovieDetailViewController.swift; sourceTree = "<group>"; };
		93A296C51C7548A500F7ABA2 /* MovieCollectionViewCell.swift */ = {isa = PBXFileReference; fileEncoding = 4; lastKnownFileType = sourcecode.swift; path = MovieCollectionViewCell.swift; sourceTree = "<group>"; };
		A5B5A081E1AF348A23E8D456 /* Pods-flicks.debug.xcconfig */ = {isa = PBXFileReference; includeInIndex = 1; lastKnownFileType = text.xcconfig; name = "Pods-flicks.debug.xcconfig"; path = "Pods/Target Support Files/Pods-flicks/Pods-flicks.debug.xcconfig"; sourceTree = "<group>"; };
		F4551AB9929FAD9C3AAB1718 /* Pods_flicks.framework */ = {isa = PBXFileReference; explicitFileType = wrapper.framework; includeInIndex = 0; path = Pods_flicks.framework; sourceTree = BUILT_PRODUCTS_DIR; };
/* End PBXFileReference section */

/* Begin PBXFrameworksBuildPhase section */
		93A296A01C73F1B100F7ABA2 /* Frameworks */ = {
			isa = PBXFrameworksBuildPhase;
			buildActionMask = 2147483647;
			files = (
				4B581DB128C8FABDAE8D4334 /* Pods_flicks.framework in Frameworks */,
			);
			runOnlyForDeploymentPostprocessing = 0;
		};
/* End PBXFrameworksBuildPhase section */

/* Begin PBXGroup section */
		52DCEF53C2BCD2DB9C9EDA97 /* Pods */ = {
			isa = PBXGroup;
			children = (
				A5B5A081E1AF348A23E8D456 /* Pods-flicks.debug.xcconfig */,
				7774CF4E8EDA621CB060F68D /* Pods-flicks.release.xcconfig */,
			);
			name = Pods;
			sourceTree = "<group>";
		};
		93A2969A1C73F1B100F7ABA2 = {
			isa = PBXGroup;
			children = (
				93A296A51C73F1B100F7ABA2 /* flicks */,
				93A296A41C73F1B100F7ABA2 /* Products */,
				52DCEF53C2BCD2DB9C9EDA97 /* Pods */,
				A6B1BD1A93EAFF235CEA7405 /* Frameworks */,
			);
			sourceTree = "<group>";
		};
		93A296A41C73F1B100F7ABA2 /* Products */ = {
			isa = PBXGroup;
			children = (
				93A296A31C73F1B100F7ABA2 /* flicks.app */,
			);
			name = Products;
			sourceTree = "<group>";
		};
		93A296A51C73F1B100F7ABA2 /* flicks */ = {
			isa = PBXGroup;
			children = (
				93A296C21C741A5D00F7ABA2 /* Models */,
				93A296C11C74189000F7ABA2 /* ViewControllers */,
				93A296BE1C74180F00F7ABA2 /* Views */,
				93A296A61C73F1B100F7ABA2 /* AppDelegate.swift */,
				93A296AA1C73F1B100F7ABA2 /* Main.storyboard */,
				93A296AD1C73F1B100F7ABA2 /* Assets.xcassets */,
				93A296AF1C73F1B100F7ABA2 /* LaunchScreen.storyboard */,
				93A296B21C73F1B100F7ABA2 /* Info.plist */,
			);
			path = flicks;
			sourceTree = "<group>";
		};
		93A296BE1C74180F00F7ABA2 /* Views */ = {
			isa = PBXGroup;
			children = (
				93A296BF1C74187900F7ABA2 /* MovieCell.swift */,
				93A296C51C7548A500F7ABA2 /* MovieCollectionViewCell.swift */,
			);
			name = Views;
			sourceTree = "<group>";
		};
		93A296C11C74189000F7ABA2 /* ViewControllers */ = {
			isa = PBXGroup;
			children = (
				93A296BA1C73F4BB00F7ABA2 /* MoviesViewController.swift */,
				93A296C31C742A8400F7ABA2 /* MovieDetailViewController.swift */,
			);
			name = ViewControllers;
			sourceTree = "<group>";
		};
		93A296C21C741A5D00F7ABA2 /* Models */ = {
			isa = PBXGroup;
			children = (
				93A296BC1C73FC6E00F7ABA2 /* Movie.swift */,
			);
			name = Models;
			sourceTree = "<group>";
		};
		A6B1BD1A93EAFF235CEA7405 /* Frameworks */ = {
			isa = PBXGroup;
			children = (
				F4551AB9929FAD9C3AAB1718 /* Pods_flicks.framework */,
			);
			name = Frameworks;
			sourceTree = "<group>";
		};
/* End PBXGroup section */

/* Begin PBXNativeTarget section */
		93A296A21C73F1B100F7ABA2 /* flicks */ = {
			isa = PBXNativeTarget;
			buildConfigurationList = 93A296B51C73F1B100F7ABA2 /* Build configuration list for PBXNativeTarget "flicks" */;
			buildPhases = (
				60C4A5334D3310926C54F2B8 /* Check Pods Manifest.lock */,
				93A2969F1C73F1B100F7ABA2 /* Sources */,
				93A296A01C73F1B100F7ABA2 /* Frameworks */,
				93A296A11C73F1B100F7ABA2 /* Resources */,
				760357EC504511D211976C14 /* Embed Pods Frameworks */,
				02DA7EDCCF850230D93DCA9F /* Copy Pods Resources */,
			);
			buildRules = (
			);
			dependencies = (
			);
			name = flicks;
			productName = flicks;
			productReference = 93A296A31C73F1B100F7ABA2 /* flicks.app */;
			productType = "com.apple.product-type.application";
		};
/* End PBXNativeTarget section */

/* Begin PBXProject section */
		93A2969B1C73F1B100F7ABA2 /* Project object */ = {
			isa = PBXProject;
			attributes = {
				LastSwiftUpdateCheck = 0720;
				LastUpgradeCheck = 0720;
				ORGANIZATIONNAME = "zskyfly productions";
				TargetAttributes = {
					93A296A21C73F1B100F7ABA2 = {
						CreatedOnToolsVersion = 7.2.1;
					};
				};
			};
			buildConfigurationList = 93A2969E1C73F1B100F7ABA2 /* Build configuration list for PBXProject "flicks" */;
			compatibilityVersion = "Xcode 3.2";
			developmentRegion = English;
			hasScannedForEncodings = 0;
			knownRegions = (
				en,
				Base,
			);
			mainGroup = 93A2969A1C73F1B100F7ABA2;
			productRefGroup = 93A296A41C73F1B100F7ABA2 /* Products */;
			projectDirPath = "";
			projectRoot = "";
			targets = (
				93A296A21C73F1B100F7ABA2 /* flicks */,
			);
		};
/* End PBXProject section */

/* Begin PBXResourcesBuildPhase section */
		93A296A11C73F1B100F7ABA2 /* Resources */ = {
			isa = PBXResourcesBuildPhase;
			buildActionMask = 2147483647;
			files = (
				93A296B11C73F1B100F7ABA2 /* LaunchScreen.storyboard in Resources */,
				93A296AE1C73F1B100F7ABA2 /* Assets.xcassets in Resources */,
				93A296AC1C73F1B100F7ABA2 /* Main.storyboard in Resources */,
			);
			runOnlyForDeploymentPostprocessing = 0;
		};
/* End PBXResourcesBuildPhase section */

/* Begin PBXShellScriptBuildPhase section */
		02DA7EDCCF850230D93DCA9F /* Copy Pods Resources */ = {
			isa = PBXShellScriptBuildPhase;
			buildActionMask = 2147483647;
			files = (
			);
			inputPaths = (
			);
			name = "Copy Pods Resources";
			outputPaths = (
			);
			runOnlyForDeploymentPostprocessing = 0;
			shellPath = /bin/sh;
			shellScript = "\"${SRCROOT}/Pods/Target Support Files/Pods-flicks/Pods-flicks-resources.sh\"\n";
			showEnvVarsInLog = 0;
		};
		60C4A5334D3310926C54F2B8 /* Check Pods Manifest.lock */ = {
			isa = PBXShellScriptBuildPhase;
			buildActionMask = 2147483647;
			files = (
			);
			inputPaths = (
			);
			name = "Check Pods Manifest.lock";
			outputPaths = (
			);
			runOnlyForDeploymentPostprocessing = 0;
			shellPath = /bin/sh;
			shellScript = "diff \"${PODS_ROOT}/../Podfile.lock\" \"${PODS_ROOT}/Manifest.lock\" > /dev/null\nif [[ $? != 0 ]] ; then\n    cat << EOM\nerror: The sandbox is not in sync with the Podfile.lock. Run 'pod install' or update your CocoaPods installation.\nEOM\n    exit 1\nfi\n";
			showEnvVarsInLog = 0;
		};
		760357EC504511D211976C14 /* Embed Pods Frameworks */ = {
			isa = PBXShellScriptBuildPhase;
			buildActionMask = 2147483647;
			files = (
			);
			inputPaths = (
			);
			name = "Embed Pods Frameworks";
			outputPaths = (
			);
			runOnlyForDeploymentPostprocessing = 0;
			shellPath = /bin/sh;
			shellScript = "\"${SRCROOT}/Pods/Target Support Files/Pods-flicks/Pods-flicks-frameworks.sh\"\n";
			showEnvVarsInLog = 0;
		};
/* End PBXShellScriptBuildPhase section */

/* Begin PBXSourcesBuildPhase section */
		93A2969F1C73F1B100F7ABA2 /* Sources */ = {
			isa = PBXSourcesBuildPhase;
			buildActionMask = 2147483647;
			files = (
				93A296A71C73F1B100F7ABA2 /* AppDelegate.swift in Sources */,
				93A296C41C742A8400F7ABA2 /* MovieDetailViewController.swift in Sources */,
				93A296BB1C73F4BB00F7ABA2 /* MoviesViewController.swift in Sources */,
				93A296C61C7548A500F7ABA2 /* MovieCollectionViewCell.swift in Sources */,
				93A296C01C74187900F7ABA2 /* MovieCell.swift in Sources */,
				93A296BD1C73FC6E00F7ABA2 /* Movie.swift in Sources */,
			);
			runOnlyForDeploymentPostprocessing = 0;
		};
/* End PBXSourcesBuildPhase section */

/* Begin PBXVariantGroup section */
		93A296AA1C73F1B100F7ABA2 /* Main.storyboard */ = {
			isa = PBXVariantGroup;
			children = (
				93A296AB1C73F1B100F7ABA2 /* Base */,
			);
			name = Main.storyboard;
			sourceTree = "<group>";
		};
		93A296AF1C73F1B100F7ABA2 /* LaunchScreen.storyboard */ = {
			isa = PBXVariantGroup;
			children = (
				93A296B01C73F1B100F7ABA2 /* Base */,
			);
			name = LaunchScreen.storyboard;
			sourceTree = "<group>";
		};
/* End PBXVariantGroup section */

/* Begin XCBuildConfiguration section */
		93A296B31C73F1B100F7ABA2 /* Debug */ = {
			isa = XCBuildConfiguration;
			buildSettings = {
				ALWAYS_SEARCH_USER_PATHS = NO;
				CLANG_CXX_LANGUAGE_STANDARD = "gnu++0x";
				CLANG_CXX_LIBRARY = "libc++";
				CLANG_ENABLE_MODULES = YES;
				CLANG_ENABLE_OBJC_ARC = YES;
				CLANG_WARN_BOOL_CONVERSION = YES;
				CLANG_WARN_CONSTANT_CONVERSION = YES;
				CLANG_WARN_DIRECT_OBJC_ISA_USAGE = YES_ERROR;
				CLANG_WARN_EMPTY_BODY = YES;
				CLANG_WARN_ENUM_CONVERSION = YES;
				CLANG_WARN_INT_CONVERSION = YES;
				CLANG_WARN_OBJC_ROOT_CLASS = YES_ERROR;
				CLANG_WARN_UNREACHABLE_CODE = YES;
				CLANG_WARN__DUPLICATE_METHOD_MATCH = YES;
				"CODE_SIGN_IDENTITY[sdk=iphoneos*]" = "iPhone Developer";
				COPY_PHASE_STRIP = NO;
				DEBUG_INFORMATION_FORMAT = dwarf;
				ENABLE_STRICT_OBJC_MSGSEND = YES;
				ENABLE_TESTABILITY = YES;
				GCC_C_LANGUAGE_STANDARD = gnu99;
				GCC_DYNAMIC_NO_PIC = NO;
				GCC_NO_COMMON_BLOCKS = YES;
				GCC_OPTIMIZATION_LEVEL = 0;
				GCC_PREPROCESSOR_DEFINITIONS = (
					"DEBUG=1",
					"$(inherited)",
				);
				GCC_WARN_64_TO_32_BIT_CONVERSION = YES;
				GCC_WARN_ABOUT_RETURN_TYPE = YES_ERROR;
				GCC_WARN_UNDECLARED_SELECTOR = YES;
				GCC_WARN_UNINITIALIZED_AUTOS = YES_AGGRESSIVE;
				GCC_WARN_UNUSED_FUNCTION = YES;
				GCC_WARN_UNUSED_VARIABLE = YES;
				IPHONEOS_DEPLOYMENT_TARGET = 9.2;
				MTL_ENABLE_DEBUG_INFO = YES;
				ONLY_ACTIVE_ARCH = YES;
				SDKROOT = iphoneos;
				SWIFT_OPTIMIZATION_LEVEL = "-Onone";
				TARGETED_DEVICE_FAMILY = "1,2";
			};
			name = Debug;
		};
		93A296B41C73F1B100F7ABA2 /* Release */ = {
			isa = XCBuildConfiguration;
			buildSettings = {
				ALWAYS_SEARCH_USER_PATHS = NO;
				CLANG_CXX_LANGUAGE_STANDARD = "gnu++0x";
				CLANG_CXX_LIBRARY = "libc++";
				CLANG_ENABLE_MODULES = YES;
				CLANG_ENABLE_OBJC_ARC = YES;
				CLANG_WARN_BOOL_CONVERSION = YES;
				CLANG_WARN_CONSTANT_CONVERSION = YES;
				CLANG_WARN_DIRECT_OBJC_ISA_USAGE = YES_ERROR;
				CLANG_WARN_EMPTY_BODY = YES;
				CLANG_WARN_ENUM_CONVERSION = YES;
				CLANG_WARN_INT_CONVERSION = YES;
				CLANG_WARN_OBJC_ROOT_CLASS = YES_ERROR;
				CLANG_WARN_UNREACHABLE_CODE = YES;
				CLANG_WARN__DUPLICATE_METHOD_MATCH = YES;
				"CODE_SIGN_IDENTITY[sdk=iphoneos*]" = "iPhone Developer";
				COPY_PHASE_STRIP = NO;
				DEBUG_INFORMATION_FORMAT = "dwarf-with-dsym";
				ENABLE_NS_ASSERTIONS = NO;
				ENABLE_STRICT_OBJC_MSGSEND = YES;
				GCC_C_LANGUAGE_STANDARD = gnu99;
				GCC_NO_COMMON_BLOCKS = YES;
				GCC_WARN_64_TO_32_BIT_CONVERSION = YES;
				GCC_WARN_ABOUT_RETURN_TYPE = YES_ERROR;
				GCC_WARN_UNDECLARED_SELECTOR = YES;
				GCC_WARN_UNINITIALIZED_AUTOS = YES_AGGRESSIVE;
				GCC_WARN_UNUSED_FUNCTION = YES;
				GCC_WARN_UNUSED_VARIABLE = YES;
				IPHONEOS_DEPLOYMENT_TARGET = 9.2;
				MTL_ENABLE_DEBUG_INFO = NO;
				SDKROOT = iphoneos;
				TARGETED_DEVICE_FAMILY = "1,2";
				VALIDATE_PRODUCT = YES;
			};
			name = Release;
		};
		93A296B61C73F1B100F7ABA2 /* Debug */ = {
			isa = XCBuildConfiguration;
			baseConfigurationReference = A5B5A081E1AF348A23E8D456 /* Pods-flicks.debug.xcconfig */;
			buildSettings = {
				ASSETCATALOG_COMPILER_APPICON_NAME = AppIcon;
				INFOPLIST_FILE = flicks/Info.plist;
				LD_RUNPATH_SEARCH_PATHS = "$(inherited) @executable_path/Frameworks";
				PRODUCT_BUNDLE_IDENTIFIER = com.zac.matthews.flicks;
				PRODUCT_NAME = "$(TARGET_NAME)";
			};
			name = Debug;
		};
		93A296B71C73F1B100F7ABA2 /* Release */ = {
			isa = XCBuildConfiguration;
			baseConfigurationReference = 7774CF4E8EDA621CB060F68D /* Pods-flicks.release.xcconfig */;
			buildSettings = {
				ASSETCATALOG_COMPILER_APPICON_NAME = AppIcon;
				INFOPLIST_FILE = flicks/Info.plist;
				LD_RUNPATH_SEARCH_PATHS = "$(inherited) @executable_path/Frameworks";
				PRODUCT_BUNDLE_IDENTIFIER = com.zac.matthews.flicks;
				PRODUCT_NAME = "$(TARGET_NAME)";
			};
			name = Release;
		};
/* End XCBuildConfiguration section */

/* Begin XCConfigurationList section */
		93A2969E1C73F1B100F7ABA2 /* Build configuration list for PBXProject "flicks" */ = {
			isa = XCConfigurationList;
			buildConfigurations = (
				93A296B31C73F1B100F7ABA2 /* Debug */,
				93A296B41C73F1B100F7ABA2 /* Release */,
			);
			defaultConfigurationIsVisible = 0;
			defaultConfigurationName = Release;
		};
		93A296B51C73F1B100F7ABA2 /* Build configuration list for PBXNativeTarget "flicks" */ = {
			isa = XCConfigurationList;
			buildConfigurations = (
				93A296B61C73F1B100F7ABA2 /* Debug */,
				93A296B71C73F1B100F7ABA2 /* Release */,
			);
			defaultConfigurationIsVisible = 0;
			defaultConfigurationName = Release;
		};
/* End XCConfigurationList section */
	};
	rootObject = 93A2969B1C73F1B100F7ABA2 /* Project object */;
}
